
Microsoft Visual Studio Solution File, Format Version 12.00
# Visual Studio Version 17
VisualStudioVersion = 17.7.34031.279
MinimumVisualStudioVersion = 10.0.40219.1
Project("{FAE04EC0-301F-11D3-BF4B-00C04F79EFBC}") = "Groot", "Groot\Groot.csproj", "{AA485AD7-16DB-4188-86E3-892310F28E8B}"
EndProject
Global
	GlobalSection(SolutionConfigurationPlatforms) = preSolution
		Debug|Any CPU = Debug|Any CPU
		Release|Any CPU = Release|Any CPU
	EndGlobalSection
	GlobalSection(ProjectConfigurationPlatforms) = postSolution
		{AA485AD7-16DB-4188-86E3-892310F28E8B}.Debug|Any CPU.ActiveCfg = Debug|Any CPU
		{AA485AD7-16DB-4188-86E3-892310F28E8B}.Debug|Any CPU.Build.0 = Debug|Any CPU
		{AA485AD7-16DB-4188-86E3-892310F28E8B}.Release|Any CPU.ActiveCfg = Release|Any CPU
		{AA485AD7-16DB-4188-86E3-892310F28E8B}.Release|Any CPU.Build.0 = Release|Any CPU
	EndGlobalSection
	GlobalSection(SolutionProperties) = preSolution
		HideSolutionNode = FALSE
	EndGlobalSection
	GlobalSection(ExtensibilityGlobals) = postSolution
		SolutionGuid = {6D25F8EA-08A6-475E-9AB4-52DA2538F2C4}
	EndGlobalSection
EndGlobal
